
Microsoft Visual Studio Solution File, Format Version 12.00
# Visual Studio 15
VisualStudioVersion = 15.0.28307.136
MinimumVisualStudioVersion = 10.0.40219.1
Project("{9A19103F-16F7-4668-BE54-9A1E7A4F7556}") = "TN Pro UI", "TN Pro UI.csproj", "{7AC583FF-2FAD-44C4-B5D7-0AC5EE1FD66A}"
EndProject
Global
	GlobalSection(SolutionConfigurationPlatforms) = preSolution
		Debug|Any CPU = Debug|Any CPU
		Release|Any CPU = Release|Any CPU
	EndGlobalSection
	GlobalSection(ProjectConfigurationPlatforms) = postSolution
		{7AC583FF-2FAD-44C4-B5D7-0AC5EE1FD66A}.Debug|Any CPU.ActiveCfg = Debug|Any CPU
		{7AC583FF-2FAD-44C4-B5D7-0AC5EE1FD66A}.Debug|Any CPU.Build.0 = Debug|Any CPU
		{7AC583FF-2FAD-44C4-B5D7-0AC5EE1FD66A}.Release|Any CPU.ActiveCfg = Release|Any CPU
		{7AC583FF-2FAD-44C4-B5D7-0AC5EE1FD66A}.Release|Any CPU.Build.0 = Release|Any CPU
	EndGlobalSection
	GlobalSection(SolutionProperties) = preSolution
		HideSolutionNode = FALSE
	EndGlobalSection
	GlobalSection(ExtensibilityGlobals) = postSolution
		SolutionGuid = {D381DF10-28B6-4406-BB50-A1C4E7AE1AE6}
	EndGlobalSection
EndGlobal
